
Microsoft Visual Studio Solution File, Format Version 12.00
# Visual Studio 15
VisualStudioVersion = 15.0.28307.902
MinimumVisualStudioVersion = 10.0.40219.1
Project("{FAE04EC0-301F-11D3-BF4B-00C04F79EFBC}") = "TCG", "TCG\TCG.csproj", "{ABCEF69F-08EA-463C-8CFE-33E76C5F217C}"
EndProject
Global
	GlobalSection(SolutionConfigurationPlatforms) = preSolution
		Debug|Any CPU = Debug|Any CPU
		Release|Any CPU = Release|Any CPU
	EndGlobalSection
	GlobalSection(ProjectConfigurationPlatforms) = postSolution
		{ABCEF69F-08EA-463C-8CFE-33E76C5F217C}.Debug|Any CPU.ActiveCfg = Debug|Any CPU
		{ABCEF69F-08EA-463C-8CFE-33E76C5F217C}.Debug|Any CPU.Build.0 = Debug|Any CPU
		{ABCEF69F-08EA-463C-8CFE-33E76C5F217C}.Release|Any CPU.ActiveCfg = Release|Any CPU
		{ABCEF69F-08EA-463C-8CFE-33E76C5F217C}.Release|Any CPU.Build.0 = Release|Any CPU
	EndGlobalSection
	GlobalSection(SolutionProperties) = preSolution
		HideSolutionNode = FALSE
	EndGlobalSection
	GlobalSection(ExtensibilityGlobals) = postSolution
		SolutionGuid = {8A0177E0-98FC-4467-ADAF-4A8786A4B3CB}
	EndGlobalSection
EndGlobal
